{
  "name": "ajs_1",
  "version": "1.0.0",
  "lockfileVersion": 3,
  "requires": true,
  "packages": {
    "": {
      "name": "ajs_1",
      "version": "1.0.0",
      "license": "ISC",
      "dependencies": {
        "@anton-mochinsky/ajs": "^1.0.0"
      }
    },
    "node_modules/@anton-mochinsky/ajs": {
      "version": "1.0.0",
      "resolved": "https://npm.pkg.github.com/download/@anton-mochinsky/ajs/1.0.0/99c0a96935197ec26684cc6868c9fee644bcb887",
      "integrity": "sha512-LlJFQp5TfHBzOLViYWaRGFHWPIh/bvTTqFqEoJ8o+8DZfGq6ojYmxGMKRPbRgMRoeZz7kKEGsEHEAOqrTZXL8w==",
      "license": "ISC"
    }
  }
}
